
Microsoft Visual Studio Solution File, Format Version 12.00
# Visual Studio Version 17
VisualStudioVersion = 17.11.35219.272
MinimumVisualStudioVersion = 10.0.40219.1
Project("{FAE04EC0-301F-11D3-BF4B-00C04F79EFBC}") = "ticket2", "ticket2\ticket2.csproj", "{9087AD24-3B27-4A7F-A39B-339FAFB58730}"
EndProject
Global
	GlobalSection(SolutionConfigurationPlatforms) = preSolution
		Debug|Any CPU = Debug|Any CPU
		Release|Any CPU = Release|Any CPU
	EndGlobalSection
	GlobalSection(ProjectConfigurationPlatforms) = postSolution
		{9087AD24-3B27-4A7F-A39B-339FAFB58730}.Debug|Any CPU.ActiveCfg = Debug|Any CPU
		{9087AD24-3B27-4A7F-A39B-339FAFB58730}.Debug|Any CPU.Build.0 = Debug|Any CPU
		{9087AD24-3B27-4A7F-A39B-339FAFB58730}.Release|Any CPU.ActiveCfg = Release|Any CPU
		{9087AD24-3B27-4A7F-A39B-339FAFB58730}.Release|Any CPU.Build.0 = Release|Any CPU
	EndGlobalSection
	GlobalSection(SolutionProperties) = preSolution
		HideSolutionNode = FALSE
	EndGlobalSection
	GlobalSection(ExtensibilityGlobals) = postSolution
		SolutionGuid = {29248A34-FF92-4033-82DD-154FD3D03A05}
	EndGlobalSection
EndGlobal
